// !$*UTF8*$!
{
	archiveVersion = 1;
	classes = {
	};
	objectVersion = 46;
	objects = {

/* Begin PBXBuildFile section */
		75231E981663B68300220E5E /* UIKit.framework in Frameworks */ = {isa = PBXBuildFile; fileRef = 75231E971663B68300220E5E /* UIKit.framework */; };
		75231E9A1663B68300220E5E /* Foundation.framework in Frameworks */ = {isa = PBXBuildFile; fileRef = 75231E991663B68300220E5E /* Foundation.framework */; };
		75231E9C1663B68300220E5E /* CoreGraphics.framework in Frameworks */ = {isa = PBXBuildFile; fileRef = 75231E9B1663B68300220E5E /* CoreGraphics.framework */; };
		75231EA21663B68300220E5E /* InfoPlist.strings in Resources */ = {isa = PBXBuildFile; fileRef = 75231EA01663B68300220E5E /* InfoPlist.strings */; };
		75231EA41663B68300220E5E /* main.m in Sources */ = {isa = PBXBuildFile; fileRef = 75231EA31663B68300220E5E /* main.m */; };
		75231EA81663B68300220E5E /* AppDelegate.m in Sources */ = {isa = PBXBuildFile; fileRef = 75231EA71663B68300220E5E /* AppDelegate.m */; };
		75231EAB1663B68300220E5E /* ViewController.m in Sources */ = {isa = PBXBuildFile; fileRef = 75231EAA1663B68300220E5E /* ViewController.m */; };
		75231EAE1663B68300220E5E /* ViewController.xib in Resources */ = {isa = PBXBuildFile; fileRef = 75231EAC1663B68300220E5E /* ViewController.xib */; };
/* End PBXBuildFile section */

/* Begin PBXFileReference section */
		75231E931663B68300220E5E /* DelegateDemo02.app */ = {isa = PBXFileReference; explicitFileType = wrapper.application; includeInIndex = 0; path = DelegateDemo02.app; sourceTree = BUILT_PRODUCTS_DIR; };
		75231E971663B68300220E5E /* UIKit.framework */ = {isa = PBXFileReference; lastKnownFileType = wrapper.framework; name = UIKit.framework; path = System/Library/Frameworks/UIKit.framework; sourceTree = SDKROOT; };
		75231E991663B68300220E5E /* Foundation.framework */ = {isa = PBXFileReference; lastKnownFileType = wrapper.framework; name = Foundation.framework; path = System/Library/Frameworks/Foundation.framework; sourceTree = SDKROOT; };
		75231E9B1663B68300220E5E /* CoreGraphics.framework */ = {isa = PBXFileReference; lastKnownFileType = wrapper.framework; name = CoreGraphics.framework; path = System/Library/Frameworks/CoreGraphics.framework; sourceTree = SDKROOT; };
		75231E9F1663B68300220E5E /* DelegateDemo02-Info.plist */ = {isa = PBXFileReference; lastKnownFileType = text.plist.xml; path = "DelegateDemo02-Info.plist"; sourceTree = "<group>"; };
		75231EA11663B68300220E5E /* en */ = {isa = PBXFileReference; lastKnownFileType = text.plist.strings; name = en; path = en.lproj/InfoPlist.strings; sourceTree = "<group>"; };
		75231EA31663B68300220E5E /* main.m */ = {isa = PBXFileReference; lastKnownFileType = sourcecode.c.objc; path = main.m; sourceTree = "<group>"; };
		75231EA51663B68300220E5E /* DelegateDemo02-Prefix.pch */ = {isa = PBXFileReference; lastKnownFileType = sourcecode.c.h; path = "DelegateDemo02-Prefix.pch"; sourceTree = "<group>"; };
		75231EA61663B68300220E5E /* AppDelegate.h */ = {isa = PBXFileReference; lastKnownFileType = sourcecode.c.h; path = AppDelegate.h; sourceTree = "<group>"; };
		75231EA71663B68300220E5E /* AppDelegate.m */ = {isa = PBXFileReference; lastKnownFileType = sourcecode.c.objc; path = AppDelegate.m; sourceTree = "<group>"; };
		75231EA91663B68300220E5E /* ViewController.h */ = {isa = PBXFileReference; lastKnownFileType = sourcecode.c.h; path = ViewController.h; sourceTree = "<group>"; };
		75231EAA1663B68300220E5E /* ViewController.m */ = {isa = PBXFileReference; lastKnownFileType = sourcecode.c.objc; path = ViewController.m; sourceTree = "<group>"; };
		75231EAD1663B68300220E5E /* en */ = {isa = PBXFileReference; lastKnownFileType = file.xib; name = en; path = en.lproj/ViewController.xib; sourceTree = "<group>"; };
/* End PBXFileReference section */

/* Begin PBXFrameworksBuildPhase section */
		75231E901663B68300220E5E /* Frameworks */ = {
			isa = PBXFrameworksBuildPhase;
			buildActionMask = 2147483647;
			files = (
				75231E981663B68300220E5E /* UIKit.framework in Frameworks */,
				75231E9A1663B68300220E5E /* Foundation.framework in Frameworks */,
				75231E9C1663B68300220E5E /* CoreGraphics.framework in Frameworks */,
			);
			runOnlyForDeploymentPostprocessing = 0;
		};
/* End PBXFrameworksBuildPhase section */

/* Begin PBXGroup section */
		75231E881663B68300220E5E = {
			isa = PBXGroup;
			children = (
				75231E9D1663B68300220E5E /* DelegateDemo02 */,
				75231E961663B68300220E5E /* Frameworks */,
				75231E941663B68300220E5E /* Products */,
			);
			sourceTree = "<group>";
		};
		75231E941663B68300220E5E /* Products */ = {
			isa = PBXGroup;
			children = (
				75231E931663B68300220E5E /* DelegateDemo02.app */,
			);
			name = Products;
			sourceTree = "<group>";
		};
		75231E961663B68300220E5E /* Frameworks */ = {
			isa = PBXGroup;
			children = (
				75231E971663B68300220E5E /* UIKit.framework */,
				75231E991663B68300220E5E /* Foundation.framework */,
				75231E9B1663B68300220E5E /* CoreGraphics.framework */,
			);
			name = Frameworks;
			sourceTree = "<group>";
		};
		75231E9D1663B68300220E5E /* DelegateDemo02 */ = {
			isa = PBXGroup;
			children = (
				75231EA61663B68300220E5E /* AppDelegate.h */,
				75231EA71663B68300220E5E /* AppDelegate.m */,
				75231EA91663B68300220E5E /* ViewController.h */,
				75231EAA1663B68300220E5E /* ViewController.m */,
				75231EAC1663B68300220E5E /* ViewController.xib */,
				75231E9E1663B68300220E5E /* Supporting Files */,
			);
			path = DelegateDemo02;
			sourceTree = "<group>";
		};
		75231E9E1663B68300220E5E /* Supporting Files */ = {
			isa = PBXGroup;
			children = (
				75231E9F1663B68300220E5E /* DelegateDemo02-Info.plist */,
				75231EA01663B68300220E5E /* InfoPlist.strings */,
				75231EA31663B68300220E5E /* main.m */,
				75231EA51663B68300220E5E /* DelegateDemo02-Prefix.pch */,
			);
			name = "Supporting Files";
			sourceTree = "<group>";
		};
/* End PBXGroup section */

/* Begin PBXNativeTarget section */
		75231E921663B68300220E5E /* DelegateDemo02 */ = {
			isa = PBXNativeTarget;
			buildConfigurationList = 75231EB11663B68300220E5E /* Build configuration list for PBXNativeTarget "DelegateDemo02" */;
			buildPhases = (
				75231E8F1663B68300220E5E /* Sources */,
				75231E901663B68300220E5E /* Frameworks */,
				75231E911663B68300220E5E /* Resources */,
			);
			buildRules = (
			);
			dependencies = (
			);
			name = DelegateDemo02;
			productName = DelegateDemo02;
			productReference = 75231E931663B68300220E5E /* DelegateDemo02.app */;
			productType = "com.apple.product-type.application";
		};
/* End PBXNativeTarget section */

/* Begin PBXProject section */
		75231E8A1663B68300220E5E /* Project object */ = {
			isa = PBXProject;
			attributes = {
				LastUpgradeCheck = 0440;
				ORGANIZATIONNAME = bravesoft;
			};
			buildConfigurationList = 75231E8D1663B68300220E5E /* Build configuration list for PBXProject "DelegateDemo02" */;
			compatibilityVersion = "Xcode 3.2";
			developmentRegion = English;
			hasScannedForEncodings = 0;
			knownRegions = (
				en,
			);
			mainGroup = 75231E881663B68300220E5E;
			productRefGroup = 75231E941663B68300220E5E /* Products */;
			projectDirPath = "";
			projectRoot = "";
			targets = (
				75231E921663B68300220E5E /* DelegateDemo02 */,
			);
		};
/* End PBXProject section */

/* Begin PBXResourcesBuildPhase section */
		75231E911663B68300220E5E /* Resources */ = {
			isa = PBXResourcesBuildPhase;
			buildActionMask = 2147483647;
			files = (
				75231EA21663B68300220E5E /* InfoPlist.strings in Resources */,
				75231EAE1663B68300220E5E /* ViewController.xib in Resources */,
			);
			runOnlyForDeploymentPostprocessing = 0;
		};
/* End PBXResourcesBuildPhase section */

/* Begin PBXSourcesBuildPhase section */
		75231E8F1663B68300220E5E /* Sources */ = {
			isa = PBXSourcesBuildPhase;
			buildActionMask = 2147483647;
			files = (
				75231EA41663B68300220E5E /* main.m in Sources */,
				75231EA81663B68300220E5E /* AppDelegate.m in Sources */,
				75231EAB1663B68300220E5E /* ViewController.m in Sources */,
			);
			runOnlyForDeploymentPostprocessing = 0;
		};
/* End PBXSourcesBuildPhase section */

/* Begin PBXVariantGroup section */
		75231EA01663B68300220E5E /* InfoPlist.strings */ = {
			isa = PBXVariantGroup;
			children = (
				75231EA11663B68300220E5E /* en */,
			);
			name = InfoPlist.strings;
			sourceTree = "<group>";
		};
		75231EAC1663B68300220E5E /* ViewController.xib */ = {
			isa = PBXVariantGroup;
			children = (
				75231EAD1663B68300220E5E /* en */,
			);
			name = ViewController.xib;
			sourceTree = "<group>";
		};
/* End PBXVariantGroup section */

/* Begin XCBuildConfiguration section */
		75231EAF1663B68300220E5E /* Debug */ = {
			isa = XCBuildConfiguration;
			buildSettings = {
				ALWAYS_SEARCH_USER_PATHS = NO;
				ARCHS = "$(ARCHS_STANDARD_32_BIT)";
				CLANG_CXX_LANGUAGE_STANDARD = "gnu++0x";
				CLANG_WARN__DUPLICATE_METHOD_MATCH = YES;
				"CODE_SIGN_IDENTITY[sdk=iphoneos*]" = "iPhone Developer";
				COPY_PHASE_STRIP = NO;
				GCC_C_LANGUAGE_STANDARD = gnu99;
				GCC_DYNAMIC_NO_PIC = NO;
				GCC_OPTIMIZATION_LEVEL = 0;
				GCC_PREPROCESSOR_DEFINITIONS = (
					"DEBUG=1",
					"$(inherited)",
				);
				GCC_SYMBOLS_PRIVATE_EXTERN = NO;
				GCC_VERSION = com.apple.compilers.llvm.clang.1_0;
				GCC_WARN_ABOUT_RETURN_TYPE = YES;
				GCC_WARN_UNINITIALIZED_AUTOS = YES;
				GCC_WARN_UNUSED_VARIABLE = YES;
				IPHONEOS_DEPLOYMENT_TARGET = 5.1;
				SDKROOT = iphoneos;
			};
			name = Debug;
		};
		75231EB01663B68300220E5E /* Release */ = {
			isa = XCBuildConfiguration;
			buildSettings = {
				ALWAYS_SEARCH_USER_PATHS = NO;
				ARCHS = "$(ARCHS_STANDARD_32_BIT)";
				CLANG_CXX_LANGUAGE_STANDARD = "gnu++0x";
				CLANG_WARN__DUPLICATE_METHOD_MATCH = YES;
				"CODE_SIGN_IDENTITY[sdk=iphoneos*]" = "iPhone Developer";
				COPY_PHASE_STRIP = YES;
				GCC_C_LANGUAGE_STANDARD = gnu99;
				GCC_VERSION = com.apple.compilers.llvm.clang.1_0;
				GCC_WARN_ABOUT_RETURN_TYPE = YES;
				GCC_WARN_UNINITIALIZED_AUTOS = YES;
				GCC_WARN_UNUSED_VARIABLE = YES;
				IPHONEOS_DEPLOYMENT_TARGET = 5.1;
				OTHER_CFLAGS = "-DNS_BLOCK_ASSERTIONS=1";
				SDKROOT = iphoneos;
				VALIDATE_PRODUCT = YES;
			};
			name = Release;
		};
		75231EB21663B68300220E5E /* Debug */ = {
			isa = XCBuildConfiguration;
			buildSettings = {
				GCC_PRECOMPILE_PREFIX_HEADER = YES;
				GCC_PREFIX_HEADER = "DelegateDemo02/DelegateDemo02-Prefix.pch";
				INFOPLIST_FILE = "DelegateDemo02/DelegateDemo02-Info.plist";
				PRODUCT_NAME = "$(TARGET_NAME)";
				WRAPPER_EXTENSION = app;
			};
			name = Debug;
		};
		75231EB31663B68300220E5E /* Release */ = {
			isa = XCBuildConfiguration;
			buildSettings = {
				GCC_PRECOMPILE_PREFIX_HEADER = YES;
				GCC_PREFIX_HEADER = "DelegateDemo02/DelegateDemo02-Prefix.pch";
				INFOPLIST_FILE = "DelegateDemo02/DelegateDemo02-Info.plist";
				PRODUCT_NAME = "$(TARGET_NAME)";
				WRAPPER_EXTENSION = app;
			};
			name = Release;
		};
/* End XCBuildConfiguration section */

/* Begin XCConfigurationList section */
		75231E8D1663B68300220E5E /* Build configuration list for PBXProject "DelegateDemo02" */ = {
			isa = XCConfigurationList;
			buildConfigurations = (
				75231EAF1663B68300220E5E /* Debug */,
				75231EB01663B68300220E5E /* Release */,
			);
			defaultConfigurationIsVisible = 0;
			defaultConfigurationName = Release;
		};
		75231EB11663B68300220E5E /* Build configuration list for PBXNativeTarget "DelegateDemo02" */ = {
			isa = XCConfigurationList;
			buildConfigurations = (
				75231EB21663B68300220E5E /* Debug */,
				75231EB31663B68300220E5E /* Release */,
			);
			defaultConfigurationIsVisible = 0;
		};
/* End XCConfigurationList section */
	};
	rootObject = 75231E8A1663B68300220E5E /* Project object */;
}
